
Microsoft Visual Studio Solution File, Format Version 12.00
# Visual Studio 2013
VisualStudioVersion = 12.0.31101.0
MinimumVisualStudioVersion = 10.0.40219.1
Project("{FAE04EC0-301F-11D3-BF4B-00C04F79EFBC}") = "TestWebApl.WEB", "TestWebApl.WEB\TestWebApl.WEB.csproj", "{8E9F2BB9-C843-47E4-BBF3-8CD2C6A6A507}"
EndProject
Project("{FAE04EC0-301F-11D3-BF4B-00C04F79EFBC}") = "TestWebApl.DAL", "TestWebApl.DAL\TestWebApl.DAL.csproj", "{6A192CAB-630F-4CA7-962F-7C07D7D10B65}"
EndProject
Project("{FAE04EC0-301F-11D3-BF4B-00C04F79EFBC}") = "TestWebApl.BLL", "TestWebApl.BLL\TestWebApl.BLL.csproj", "{B4992D72-1BCD-4D78-83BF-791411F665A7}"
EndProject
Global
	GlobalSection(SolutionConfigurationPlatforms) = preSolution
		Debug|Any CPU = Debug|Any CPU
		Release|Any CPU = Release|Any CPU
	EndGlobalSection
	GlobalSection(ProjectConfigurationPlatforms) = postSolution
		{8E9F2BB9-C843-47E4-BBF3-8CD2C6A6A507}.Debug|Any CPU.ActiveCfg = Debug|Any CPU
		{8E9F2BB9-C843-47E4-BBF3-8CD2C6A6A507}.Debug|Any CPU.Build.0 = Debug|Any CPU
		{8E9F2BB9-C843-47E4-BBF3-8CD2C6A6A507}.Release|Any CPU.ActiveCfg = Release|Any CPU
		{8E9F2BB9-C843-47E4-BBF3-8CD2C6A6A507}.Release|Any CPU.Build.0 = Release|Any CPU
		{6A192CAB-630F-4CA7-962F-7C07D7D10B65}.Debug|Any CPU.ActiveCfg = Debug|Any CPU
		{6A192CAB-630F-4CA7-962F-7C07D7D10B65}.Debug|Any CPU.Build.0 = Debug|Any CPU
		{6A192CAB-630F-4CA7-962F-7C07D7D10B65}.Release|Any CPU.ActiveCfg = Release|Any CPU
		{6A192CAB-630F-4CA7-962F-7C07D7D10B65}.Release|Any CPU.Build.0 = Release|Any CPU
		{B4992D72-1BCD-4D78-83BF-791411F665A7}.Debug|Any CPU.ActiveCfg = Debug|Any CPU
		{B4992D72-1BCD-4D78-83BF-791411F665A7}.Debug|Any CPU.Build.0 = Debug|Any CPU
		{B4992D72-1BCD-4D78-83BF-791411F665A7}.Release|Any CPU.ActiveCfg = Release|Any CPU
		{B4992D72-1BCD-4D78-83BF-791411F665A7}.Release|Any CPU.Build.0 = Release|Any CPU
	EndGlobalSection
	GlobalSection(SolutionProperties) = preSolution
		HideSolutionNode = FALSE
	EndGlobalSection
EndGlobal
